// !$*UTF8*$!
{
	archiveVersion = 1;
	classes = {
	};
	objectVersion = 48;
	objects = {

/* Begin PBXBuildFile section */
		306F6EA7207E069700532314 /* Pr5_ver.1.4.cpp in Sources */ = {isa = PBXBuildFile; fileRef = 306F6EA6207E069700532314 /* Pr5_ver.1.4.cpp */; };
		307BD706207FA23200A15BA7 /* Persona.cpp in Sources */ = {isa = PBXBuildFile; fileRef = 307BD704207FA23200A15BA7 /* Persona.cpp */; };
		307BD709207FA3AA00A15BA7 /* Coche.cpp in Sources */ = {isa = PBXBuildFile; fileRef = 307BD707207FA3AA00A15BA7 /* Coche.cpp */; };
		307BD70C207FC48500A15BA7 /* Vehiculo.cpp in Sources */ = {isa = PBXBuildFile; fileRef = 307BD70A207FC48500A15BA7 /* Vehiculo.cpp */; };
		307BD70F207FC4EB00A15BA7 /* Camion.cpp in Sources */ = {isa = PBXBuildFile; fileRef = 307BD70D207FC4EB00A15BA7 /* Camion.cpp */; };
/* End PBXBuildFile section */

/* Begin PBXCopyFilesBuildPhase section */
		306F6EA1207E069700532314 /* CopyFiles */ = {
			isa = PBXCopyFilesBuildPhase;
			buildActionMask = 2147483647;
			dstPath = /usr/share/man/man1/;
			dstSubfolderSpec = 0;
			files = (
			);
			runOnlyForDeploymentPostprocessing = 1;
		};
/* End PBXCopyFilesBuildPhase section */

/* Begin PBXFileReference section */
		306F6EA3207E069700532314 /* Practica5 */ = {isa = PBXFileReference; explicitFileType = "compiled.mach-o.executable"; includeInIndex = 0; path = Practica5; sourceTree = BUILT_PRODUCTS_DIR; };
		306F6EA6207E069700532314 /* Pr5_ver.1.4.cpp */ = {isa = PBXFileReference; lastKnownFileType = sourcecode.cpp.cpp; path = Pr5_ver.1.4.cpp; sourceTree = "<group>"; };
		307BD704207FA23200A15BA7 /* Persona.cpp */ = {isa = PBXFileReference; lastKnownFileType = sourcecode.cpp.cpp; path = Persona.cpp; sourceTree = "<group>"; };
		307BD705207FA23200A15BA7 /* Persona.h */ = {isa = PBXFileReference; lastKnownFileType = sourcecode.c.h; path = Persona.h; sourceTree = "<group>"; };
		307BD707207FA3AA00A15BA7 /* Coche.cpp */ = {isa = PBXFileReference; lastKnownFileType = sourcecode.cpp.cpp; path = Coche.cpp; sourceTree = "<group>"; };
		307BD708207FA3AA00A15BA7 /* Coche.h */ = {isa = PBXFileReference; lastKnownFileType = sourcecode.c.h; path = Coche.h; sourceTree = "<group>"; };
		307BD70A207FC48500A15BA7 /* Vehiculo.cpp */ = {isa = PBXFileReference; lastKnownFileType = sourcecode.cpp.cpp; path = Vehiculo.cpp; sourceTree = "<group>"; };
		307BD70B207FC48500A15BA7 /* Vehiculo.h */ = {isa = PBXFileReference; lastKnownFileType = sourcecode.c.h; path = Vehiculo.h; sourceTree = "<group>"; };
		307BD70D207FC4EB00A15BA7 /* Camion.cpp */ = {isa = PBXFileReference; lastKnownFileType = sourcecode.cpp.cpp; path = Camion.cpp; sourceTree = "<group>"; };
		307BD70E207FC4EB00A15BA7 /* Camion.h */ = {isa = PBXFileReference; lastKnownFileType = sourcecode.c.h; path = Camion.h; sourceTree = "<group>"; };
/* End PBXFileReference section */

/* Begin PBXFrameworksBuildPhase section */
		306F6EA0207E069700532314 /* Frameworks */ = {
			isa = PBXFrameworksBuildPhase;
			buildActionMask = 2147483647;
			files = (
			);
			runOnlyForDeploymentPostprocessing = 0;
		};
/* End PBXFrameworksBuildPhase section */

/* Begin PBXGroup section */
		306F6E9A207E069700532314 = {
			isa = PBXGroup;
			children = (
				306F6EA5207E069700532314 /* Practica5 */,
				306F6EA4207E069700532314 /* Products */,
			);
			sourceTree = "<group>";
		};
		306F6EA4207E069700532314 /* Products */ = {
			isa = PBXGroup;
			children = (
				306F6EA3207E069700532314 /* Practica5 */,
			);
			name = Products;
			sourceTree = "<group>";
		};
		306F6EA5207E069700532314 /* Practica5 */ = {
			isa = PBXGroup;
			children = (
				306F6EA6207E069700532314 /* Pr5_ver.1.4.cpp */,
				307BD704207FA23200A15BA7 /* Persona.cpp */,
				307BD705207FA23200A15BA7 /* Persona.h */,
				307BD70A207FC48500A15BA7 /* Vehiculo.cpp */,
				307BD70B207FC48500A15BA7 /* Vehiculo.h */,
				307BD707207FA3AA00A15BA7 /* Coche.cpp */,
				307BD708207FA3AA00A15BA7 /* Coche.h */,
				307BD70D207FC4EB00A15BA7 /* Camion.cpp */,
				307BD70E207FC4EB00A15BA7 /* Camion.h */,
			);
			path = Practica5;
			sourceTree = "<group>";
		};
/* End PBXGroup section */

/* Begin PBXNativeTarget section */
		306F6EA2207E069700532314 /* Practica5 */ = {
			isa = PBXNativeTarget;
			buildConfigurationList = 306F6EAA207E069700532314 /* Build configuration list for PBXNativeTarget "Practica5" */;
			buildPhases = (
				306F6E9F207E069700532314 /* Sources */,
				306F6EA0207E069700532314 /* Frameworks */,
				306F6EA1207E069700532314 /* CopyFiles */,
			);
			buildRules = (
			);
			dependencies = (
			);
			name = Practica5;
			productName = Practica5;
			productReference = 306F6EA3207E069700532314 /* Practica5 */;
			productType = "com.apple.product-type.tool";
		};
/* End PBXNativeTarget section */

/* Begin PBXProject section */
		306F6E9B207E069700532314 /* Project object */ = {
			isa = PBXProject;
			attributes = {
				LastUpgradeCheck = 0920;
				ORGANIZATIONNAME = "Aldemaro González";
				TargetAttributes = {
					306F6EA2207E069700532314 = {
						CreatedOnToolsVersion = 9.2;
						ProvisioningStyle = Automatic;
					};
				};
			};
			buildConfigurationList = 306F6E9E207E069700532314 /* Build configuration list for PBXProject "Practica5" */;
			compatibilityVersion = "Xcode 8.0";
			developmentRegion = en;
			hasScannedForEncodings = 0;
			knownRegions = (
				en,
			);
			mainGroup = 306F6E9A207E069700532314;
			productRefGroup = 306F6EA4207E069700532314 /* Products */;
			projectDirPath = "";
			projectRoot = "";
			targets = (
				306F6EA2207E069700532314 /* Practica5 */,
			);
		};
/* End PBXProject section */

/* Begin PBXSourcesBuildPhase section */
		306F6E9F207E069700532314 /* Sources */ = {
			isa = PBXSourcesBuildPhase;
			buildActionMask = 2147483647;
			files = (
				307BD70C207FC48500A15BA7 /* Vehiculo.cpp in Sources */,
				307BD706207FA23200A15BA7 /* Persona.cpp in Sources */,
				307BD70F207FC4EB00A15BA7 /* Camion.cpp in Sources */,
				307BD709207FA3AA00A15BA7 /* Coche.cpp in Sources */,
				306F6EA7207E069700532314 /* Pr5_ver.1.4.cpp in Sources */,
			);
			runOnlyForDeploymentPostprocessing = 0;
		};
/* End PBXSourcesBuildPhase section */

/* Begin XCBuildConfiguration section */
		306F6EA8207E069700532314 /* Debug */ = {
			isa = XCBuildConfiguration;
			buildSettings = {
				ALWAYS_SEARCH_USER_PATHS = NO;
				CLANG_ANALYZER_NONNULL = YES;
				CLANG_ANALYZER_NUMBER_OBJECT_CONVERSION = YES_AGGRESSIVE;
				CLANG_CXX_LANGUAGE_STANDARD = "gnu++14";
				CLANG_CXX_LIBRARY = "libc++";
				CLANG_ENABLE_MODULES = YES;
				CLANG_ENABLE_OBJC_ARC = YES;
				CLANG_WARN_BLOCK_CAPTURE_AUTORELEASING = YES;
				CLANG_WARN_BOOL_CONVERSION = YES;
				CLANG_WARN_COMMA = YES;
				CLANG_WARN_CONSTANT_CONVERSION = YES;
				CLANG_WARN_DIRECT_OBJC_ISA_USAGE = YES_ERROR;
				CLANG_WARN_DOCUMENTATION_COMMENTS = YES;
				CLANG_WARN_EMPTY_BODY = YES;
				CLANG_WARN_ENUM_CONVERSION = YES;
				CLANG_WARN_INFINITE_RECURSION = YES;
				CLANG_WARN_INT_CONVERSION = YES;
				CLANG_WARN_NON_LITERAL_NULL_CONVERSION = YES;
				CLANG_WARN_OBJC_LITERAL_CONVERSION = YES;
				CLANG_WARN_OBJC_ROOT_CLASS = YES_ERROR;
				CLANG_WARN_RANGE_LOOP_ANALYSIS = YES;
				CLANG_WARN_STRICT_PROTOTYPES = YES;
				CLANG_WARN_SUSPICIOUS_MOVE = YES;
				CLANG_WARN_UNGUARDED_AVAILABILITY = YES_AGGRESSIVE;
				CLANG_WARN_UNREACHABLE_CODE = YES;
				CLANG_WARN__DUPLICATE_METHOD_MATCH = YES;
				CODE_SIGN_IDENTITY = "-";
				COPY_PHASE_STRIP = NO;
				DEBUG_INFORMATION_FORMAT = dwarf;
				ENABLE_STRICT_OBJC_MSGSEND = YES;
				ENABLE_TESTABILITY = YES;
				GCC_C_LANGUAGE_STANDARD = gnu11;
				GCC_DYNAMIC_NO_PIC = NO;
				GCC_NO_COMMON_BLOCKS = YES;
				GCC_OPTIMIZATION_LEVEL = 0;
				GCC_PREPROCESSOR_DEFINITIONS = (
					"DEBUG=1",
					"$(inherited)",
				);
				GCC_WARN_64_TO_32_BIT_CONVERSION = YES;
				GCC_WARN_ABOUT_RETURN_TYPE = YES_ERROR;
				GCC_WARN_UNDECLARED_SELECTOR = YES;
				GCC_WARN_UNINITIALIZED_AUTOS = YES_AGGRESSIVE;
				GCC_WARN_UNUSED_FUNCTION = YES;
				GCC_WARN_UNUSED_VARIABLE = YES;
				MACOSX_DEPLOYMENT_TARGET = 10.13;
				MTL_ENABLE_DEBUG_INFO = YES;
				ONLY_ACTIVE_ARCH = YES;
				SDKROOT = macosx;
			};
			name = Debug;
		};
		306F6EA9207E069700532314 /* Release */ = {
			isa = XCBuildConfiguration;
			buildSettings = {
				ALWAYS_SEARCH_USER_PATHS = NO;
				CLANG_ANALYZER_NONNULL = YES;
				CLANG_ANALYZER_NUMBER_OBJECT_CONVERSION = YES_AGGRESSIVE;
				CLANG_CXX_LANGUAGE_STANDARD = "gnu++14";
				CLANG_CXX_LIBRARY = "libc++";
				CLANG_ENABLE_MODULES = YES;
				CLANG_ENABLE_OBJC_ARC = YES;
				CLANG_WARN_BLOCK_CAPTURE_AUTORELEASING = YES;
				CLANG_WARN_BOOL_CONVERSION = YES;
				CLANG_WARN_COMMA = YES;
				CLANG_WARN_CONSTANT_CONVERSION = YES;
				CLANG_WARN_DIRECT_OBJC_ISA_USAGE = YES_ERROR;
				CLANG_WARN_DOCUMENTATION_COMMENTS = YES;
				CLANG_WARN_EMPTY_BODY = YES;
				CLANG_WARN_ENUM_CONVERSION = YES;
				CLANG_WARN_INFINITE_RECURSION = YES;
				CLANG_WARN_INT_CONVERSION = YES;
				CLANG_WARN_NON_LITERAL_NULL_CONVERSION = YES;
				CLANG_WARN_OBJC_LITERAL_CONVERSION = YES;
				CLANG_WARN_OBJC_ROOT_CLASS = YES_ERROR;
				CLANG_WARN_RANGE_LOOP_ANALYSIS = YES;
				CLANG_WARN_STRICT_PROTOTYPES = YES;
				CLANG_WARN_SUSPICIOUS_MOVE = YES;
				CLANG_WARN_UNGUARDED_AVAILABILITY = YES_AGGRESSIVE;
				CLANG_WARN_UNREACHABLE_CODE = YES;
				CLANG_WARN__DUPLICATE_METHOD_MATCH = YES;
				CODE_SIGN_IDENTITY = "-";
				COPY_PHASE_STRIP = NO;
				DEBUG_INFORMATION_FORMAT = "dwarf-with-dsym";
				ENABLE_NS_ASSERTIONS = NO;
				ENABLE_STRICT_OBJC_MSGSEND = YES;
				GCC_C_LANGUAGE_STANDARD = gnu11;
				GCC_NO_COMMON_BLOCKS = YES;
				GCC_WARN_64_TO_32_BIT_CONVERSION = YES;
				GCC_WARN_ABOUT_RETURN_TYPE = YES_ERROR;
				GCC_WARN_UNDECLARED_SELECTOR = YES;
				GCC_WARN_UNINITIALIZED_AUTOS = YES_AGGRESSIVE;
				GCC_WARN_UNUSED_FUNCTION = YES;
				GCC_WARN_UNUSED_VARIABLE = YES;
				MACOSX_DEPLOYMENT_TARGET = 10.13;
				MTL_ENABLE_DEBUG_INFO = NO;
				SDKROOT = macosx;
			};
			name = Release;
		};
		306F6EAB207E069700532314 /* Debug */ = {
			isa = XCBuildConfiguration;
			buildSettings = {
				CODE_SIGN_STYLE = Automatic;
				PRODUCT_NAME = "$(TARGET_NAME)";
			};
			name = Debug;
		};
		306F6EAC207E069700532314 /* Release */ = {
			isa = XCBuildConfiguration;
			buildSettings = {
				CODE_SIGN_STYLE = Automatic;
				PRODUCT_NAME = "$(TARGET_NAME)";
			};
			name = Release;
		};
/* End XCBuildConfiguration section */

/* Begin XCConfigurationList section */
		306F6E9E207E069700532314 /* Build configuration list for PBXProject "Practica5" */ = {
			isa = XCConfigurationList;
			buildConfigurations = (
				306F6EA8207E069700532314 /* Debug */,
				306F6EA9207E069700532314 /* Release */,
			);
			defaultConfigurationIsVisible = 0;
			defaultConfigurationName = Release;
		};
		306F6EAA207E069700532314 /* Build configuration list for PBXNativeTarget "Practica5" */ = {
			isa = XCConfigurationList;
			buildConfigurations = (
				306F6EAB207E069700532314 /* Debug */,
				306F6EAC207E069700532314 /* Release */,
			);
			defaultConfigurationIsVisible = 0;
			defaultConfigurationName = Release;
		};
/* End XCConfigurationList section */
	};
	rootObject = 306F6E9B207E069700532314 /* Project object */;
}
